{
  "requires": true,
  "lockfileVersion": 1,
  "dependencies": {
    "@types/react-calendar": {
      "version": "3.1.2",
      "resolved": "https://registry.npmjs.org/@types/react-calendar/-/react-calendar-3.1.2.tgz",
      "integrity": "sha512-QZ8EMG2P3230GQNEMXtSJq8v8zJkJqs8xpbohMbBefYG7i1MX2YzOsDoBWF2dpq36mrkXpoNgmmeVnXIT0DYtw=="
    },
    "mobx": {
      "version": "6.0.4",
      "resolved": "https://registry.npmjs.org/mobx/-/mobx-6.0.4.tgz",
      "integrity": "sha512-wT2QJT9tW19VSHo9x7RPKU3z/I2Ps6wUS8Kb1OO+kzmg7UY3n4AkcaYG6jq95Lp1R9ohjC/NGYuT2PtuvBjhFg=="
    },
    "react-icons": {
      "version": "4.1.0",
      "resolved": "https://registry.npmjs.org/react-icons/-/react-icons-4.1.0.tgz",
      "integrity": "sha512-FCXBg1JbbR0vWALXIxmFAfozHdVIJmmwCD81Jk0EKOt7Ax4AdBNcaRkWhR0NaKy9ugJgoY3fFvo0PHpte55pXg=="
    }
  }
}
