# THIS IS AN AUTOGENERATED FILE. DO NOT EDIT THIS FILE DIRECTLY.
# yarn lockfile v1


"@types/react-calendar@^3.1.2":
  version "3.1.2"
  resolved "https://registry.yarnpkg.com/@types/react-calendar/-/react-calendar-3.1.2.tgz#a8afe394aadd639cfee7f0441bc3ced4fa0092f3"
  integrity sha512-QZ8EMG2P3230GQNEMXtSJq8v8zJkJqs8xpbohMbBefYG7i1MX2YzOsDoBWF2dpq36mrkXpoNgmmeVnXIT0DYtw==

react-icons@^4.1.0:
  version "4.1.0"
  resolved "https://registry.yarnpkg.com/react-icons/-/react-icons-4.1.0.tgz#9ca9bcbf2e3aee8e86e378bb9d465842947bbfc3"
  integrity sha512-FCXBg1JbbR0vWALXIxmFAfozHdVIJmmwCD81Jk0EKOt7Ax4AdBNcaRkWhR0NaKy9ugJgoY3fFvo0PHpte55pXg==
